
Microsoft Visual Studio Solution File, Format Version 12.00
# Visual Studio Version 16
VisualStudioVersion = 16.0.29609.76
MinimumVisualStudioVersion = 10.0.40219.1
Project("{FAE04EC0-301F-11D3-BF4B-00C04F79EFBC}") = "EcoMarketMVC", "EcoMarketMVC\EcoMarketMVC.csproj", "{0A40753C-55A3-48FA-887D-69C2EB8B6C7B}"
EndProject
Global
	GlobalSection(SolutionConfigurationPlatforms) = preSolution
		Debug|Any CPU = Debug|Any CPU
		Release|Any CPU = Release|Any CPU
	EndGlobalSection
	GlobalSection(ProjectConfigurationPlatforms) = postSolution
		{0A40753C-55A3-48FA-887D-69C2EB8B6C7B}.Debug|Any CPU.ActiveCfg = Debug|Any CPU
		{0A40753C-55A3-48FA-887D-69C2EB8B6C7B}.Debug|Any CPU.Build.0 = Debug|Any CPU
		{0A40753C-55A3-48FA-887D-69C2EB8B6C7B}.Release|Any CPU.ActiveCfg = Release|Any CPU
		{0A40753C-55A3-48FA-887D-69C2EB8B6C7B}.Release|Any CPU.Build.0 = Release|Any CPU
	EndGlobalSection
	GlobalSection(SolutionProperties) = preSolution
		HideSolutionNode = FALSE
	EndGlobalSection
	GlobalSection(ExtensibilityGlobals) = postSolution
		SolutionGuid = {C292E94A-5035-424B-9034-DC155FCB22B0}
	EndGlobalSection
EndGlobal
